
Microsoft Visual Studio Solution File, Format Version 12.00
# Visual Studio Version 16
VisualStudioVersion = 16.0.28803.186
MinimumVisualStudioVersion = 15.0.26124.0
Project("{2150E333-8FDC-42A3-9474-1A3956D46DE8}") = "src", "src", "{6609EF4E-2593-4969-BD58-58890B273192}"
EndProject
Project("{9A19103F-16F7-4668-BE54-9A1E7A4F7556}") = "Projecticate", "src\Projecticate\Projecticate.csproj", "{CE63260A-1608-432A-9FFB-AE23BADB3E7D}"
EndProject
Global
	GlobalSection(SolutionConfigurationPlatforms) = preSolution
		Debug|Any CPU = Debug|Any CPU
		Release|Any CPU = Release|Any CPU
	EndGlobalSection
	GlobalSection(ProjectConfigurationPlatforms) = postSolution
		{CE63260A-1608-432A-9FFB-AE23BADB3E7D}.Debug|Any CPU.ActiveCfg = Debug|Any CPU
		{CE63260A-1608-432A-9FFB-AE23BADB3E7D}.Debug|Any CPU.Build.0 = Debug|Any CPU
		{CE63260A-1608-432A-9FFB-AE23BADB3E7D}.Release|Any CPU.ActiveCfg = Release|Any CPU
		{CE63260A-1608-432A-9FFB-AE23BADB3E7D}.Release|Any CPU.Build.0 = Release|Any CPU
	EndGlobalSection
	GlobalSection(SolutionProperties) = preSolution
		HideSolutionNode = FALSE
	EndGlobalSection
	GlobalSection(NestedProjects) = preSolution
		{CE63260A-1608-432A-9FFB-AE23BADB3E7D} = {6609EF4E-2593-4969-BD58-58890B273192}
	EndGlobalSection
	GlobalSection(ExtensibilityGlobals) = postSolution
		SolutionGuid = {BA7412F9-42A7-401F-8A09-21C65191BDA2}
	EndGlobalSection
EndGlobal
